{
  "object": {
    "pins": [
      {
        "package": "BigInt",
        "repositoryURL": "https://github.com/attaswift/BigInt.git",
        "state": {
          "branch": null,
          "revision": "0ed110f7555c34ff468e72e1686e59721f2b0da6",
          "version": "5.3.0"
        }
      },
      {
        "package": "EosioSwift",
        "repositoryURL": "https://github.com/EOSIO/eosio-swift",
        "state": {
          "branch": null,
          "revision": "4e0f706aa62dc16ec1d7073b5b37a57375f0d231",
          "version": "1.0.0"
        }
      },
      {
        "package": "PMKFoundation",
        "repositoryURL": "https://github.com/PromiseKit/Foundation",
        "state": {
          "branch": null,
          "revision": "985f17fa69ee0e5b7eb3ff9be87ffc4e05fc0927",
          "version": "3.4.0"
        }
      },
      {
        "package": "PromiseKit",
        "repositoryURL": "https://github.com/mxcl/PromiseKit",
        "state": {
          "branch": null,
          "revision": "00afea5360bf1c02ac83209c2c8991f73b5a4e7d",
          "version": "6.16.1"
        }
      },
      {
        "package": "secp256k1",
        "repositoryURL": "https://github.com/GigaBitcoin/secp256k1.swift.git",
        "state": {
          "branch": null,
          "revision": "9151aaf3411ba0b734a45564d03b6be5e4333248",
          "version": "0.3.1"
        }
      }
    ]
  },
  "version": 1
}
